// !$*UTF8*$!
{
	archiveVersion = 1;
	classes = {
	};
	objectVersion = 56;
	objects = {

/* Begin PBXBuildFile section */
		D94B103F2D9FD8AF001191A8 /* FeedStoreChallenge.framework in Frameworks */ = {isa = PBXBuildFile; fileRef = D94B10362D9FD8AF001191A8 /* FeedStoreChallenge.framework */; };
		D94B10442D9FD8AF001191A8 /* FeedStoreChallengeTests.swift in Sources */ = {isa = PBXBuildFile; fileRef = D94B10432D9FD8AF001191A8 /* FeedStoreChallengeTests.swift */; };
		D94B10452D9FD8AF001191A8 /* FeedStoreChallenge.h in Headers */ = {isa = PBXBuildFile; fileRef = D94B10392D9FD8AF001191A8 /* FeedStoreChallenge.h */; settings = {ATTRIBUTES = (Public, ); }; };
		D94B10552D9FD8EC001191A8 /* FeedStoreSpecs.swift in Sources */ = {isa = PBXBuildFile; fileRef = D94B104F2D9FD8EC001191A8 /* FeedStoreSpecs.swift */; };
		D94B10562D9FD8EC001191A8 /* XCTestCase+FailableDeleteFeedStoreSpecs.swift in Sources */ = {isa = PBXBuildFile; fileRef = D94B10502D9FD8EC001191A8 /* XCTestCase+FailableDeleteFeedStoreSpecs.swift */; };
		D94B10572D9FD8EC001191A8 /* XCTestCase+FailableInsertFeedStoreSpecs.swift in Sources */ = {isa = PBXBuildFile; fileRef = D94B10512D9FD8EC001191A8 /* XCTestCase+FailableInsertFeedStoreSpecs.swift */; };
		D94B10582D9FD8EC001191A8 /* XCTestCase+FailableRetrievFeedStoreSpecs.swift in Sources */ = {isa = PBXBuildFile; fileRef = D94B10522D9FD8EC001191A8 /* XCTestCase+FailableRetrievFeedStoreSpecs.swift */; };
		D94B10592D9FD8EC001191A8 /* XCTestCase+FeedStoreSpecs.swift in Sources */ = {isa = PBXBuildFile; fileRef = D94B10532D9FD8EC001191A8 /* XCTestCase+FeedStoreSpecs.swift */; };
		D94B105B2D9FD9CD001191A8 /* LocalFeedImage.swift in Sources */ = {isa = PBXBuildFile; fileRef = D94B105A2D9FD9CD001191A8 /* LocalFeedImage.swift */; };
		D94B105D2D9FD9DC001191A8 /* FeedStore.swift in Sources */ = {isa = PBXBuildFile; fileRef = D94B105C2D9FD9DC001191A8 /* FeedStore.swift */; };
/* End PBXBuildFile section */

/* Begin PBXContainerItemProxy section */
		D94B10402D9FD8AF001191A8 /* PBXContainerItemProxy */ = {
			isa = PBXContainerItemProxy;
			containerPortal = D94B102D2D9FD8AF001191A8 /* Project object */;
			proxyType = 1;
			remoteGlobalIDString = D94B10352D9FD8AF001191A8;
			remoteInfo = FeedStoreChallenge;
		};
/* End PBXContainerItemProxy section */

/* Begin PBXFileReference section */
		D94B10362D9FD8AF001191A8 /* FeedStoreChallenge.framework */ = {isa = PBXFileReference; explicitFileType = wrapper.framework; includeInIndex = 0; path = FeedStoreChallenge.framework; sourceTree = BUILT_PRODUCTS_DIR; };
		D94B10392D9FD8AF001191A8 /* FeedStoreChallenge.h */ = {isa = PBXFileReference; lastKnownFileType = sourcecode.c.h; path = FeedStoreChallenge.h; sourceTree = "<group>"; };
		D94B103E2D9FD8AF001191A8 /* FeedStoreChallengeTests.xctest */ = {isa = PBXFileReference; explicitFileType = wrapper.cfbundle; includeInIndex = 0; path = FeedStoreChallengeTests.xctest; sourceTree = BUILT_PRODUCTS_DIR; };
		D94B10432D9FD8AF001191A8 /* FeedStoreChallengeTests.swift */ = {isa = PBXFileReference; lastKnownFileType = sourcecode.swift; path = FeedStoreChallengeTests.swift; sourceTree = "<group>"; };
		D94B104F2D9FD8EC001191A8 /* FeedStoreSpecs.swift */ = {isa = PBXFileReference; fileEncoding = 4; lastKnownFileType = sourcecode.swift; path = FeedStoreSpecs.swift; sourceTree = "<group>"; };
		D94B10502D9FD8EC001191A8 /* XCTestCase+FailableDeleteFeedStoreSpecs.swift */ = {isa = PBXFileReference; fileEncoding = 4; lastKnownFileType = sourcecode.swift; path = "XCTestCase+FailableDeleteFeedStoreSpecs.swift"; sourceTree = "<group>"; };
		D94B10512D9FD8EC001191A8 /* XCTestCase+FailableInsertFeedStoreSpecs.swift */ = {isa = PBXFileReference; fileEncoding = 4; lastKnownFileType = sourcecode.swift; path = "XCTestCase+FailableInsertFeedStoreSpecs.swift"; sourceTree = "<group>"; };
		D94B10522D9FD8EC001191A8 /* XCTestCase+FailableRetrievFeedStoreSpecs.swift */ = {isa = PBXFileReference; fileEncoding = 4; lastKnownFileType = sourcecode.swift; path = "XCTestCase+FailableRetrievFeedStoreSpecs.swift"; sourceTree = "<group>"; };
		D94B10532D9FD8EC001191A8 /* XCTestCase+FeedStoreSpecs.swift */ = {isa = PBXFileReference; fileEncoding = 4; lastKnownFileType = sourcecode.swift; path = "XCTestCase+FeedStoreSpecs.swift"; sourceTree = "<group>"; };
		D94B105A2D9FD9CD001191A8 /* LocalFeedImage.swift */ = {isa = PBXFileReference; fileEncoding = 4; lastKnownFileType = sourcecode.swift; path = LocalFeedImage.swift; sourceTree = "<group>"; };
		D94B105C2D9FD9DC001191A8 /* FeedStore.swift */ = {isa = PBXFileReference; fileEncoding = 4; lastKnownFileType = sourcecode.swift; path = FeedStore.swift; sourceTree = "<group>"; };
		D94B105F2DA52C8E001191A8 /* FeedStoreChallenge.xctestplan */ = {isa = PBXFileReference; lastKnownFileType = text; path = FeedStoreChallenge.xctestplan; sourceTree = "<group>"; };
/* End PBXFileReference section */

/* Begin PBXFrameworksBuildPhase section */
		D94B10332D9FD8AF001191A8 /* Frameworks */ = {
			isa = PBXFrameworksBuildPhase;
			buildActionMask = 2147483647;
			files = (
			);
			runOnlyForDeploymentPostprocessing = 0;
		};
		D94B103B2D9FD8AF001191A8 /* Frameworks */ = {
			isa = PBXFrameworksBuildPhase;
			buildActionMask = 2147483647;
			files = (
				D94B103F2D9FD8AF001191A8 /* FeedStoreChallenge.framework in Frameworks */,
			);
			runOnlyForDeploymentPostprocessing = 0;
		};
/* End PBXFrameworksBuildPhase section */

/* Begin PBXGroup section */
		D94B102C2D9FD8AF001191A8 = {
			isa = PBXGroup;
			children = (
				D94B105F2DA52C8E001191A8 /* FeedStoreChallenge.xctestplan */,
				D94B10382D9FD8AF001191A8 /* FeedStoreChallenge */,
				D94B10422D9FD8AF001191A8 /* FeedStoreChallengeTests */,
				D94B10372D9FD8AF001191A8 /* Products */,
			);
			sourceTree = "<group>";
		};
		D94B10372D9FD8AF001191A8 /* Products */ = {
			isa = PBXGroup;
			children = (
				D94B10362D9FD8AF001191A8 /* FeedStoreChallenge.framework */,
				D94B103E2D9FD8AF001191A8 /* FeedStoreChallengeTests.xctest */,
			);
			name = Products;
			sourceTree = "<group>";
		};
		D94B10382D9FD8AF001191A8 /* FeedStoreChallenge */ = {
			isa = PBXGroup;
			children = (
				D94B105C2D9FD9DC001191A8 /* FeedStore.swift */,
				D94B105A2D9FD9CD001191A8 /* LocalFeedImage.swift */,
				D94B10392D9FD8AF001191A8 /* FeedStoreChallenge.h */,
			);
			path = FeedStoreChallenge;
			sourceTree = "<group>";
		};
		D94B10422D9FD8AF001191A8 /* FeedStoreChallengeTests */ = {
			isa = PBXGroup;
			children = (
				D94B10542D9FD8EC001191A8 /* Feed Store Specs */,
				D94B105E2D9FD9EA001191A8 /* Tests */,
			);
			path = FeedStoreChallengeTests;
			sourceTree = "<group>";
		};
		D94B10542D9FD8EC001191A8 /* Feed Store Specs */ = {
			isa = PBXGroup;
			children = (
				D94B104F2D9FD8EC001191A8 /* FeedStoreSpecs.swift */,
				D94B10502D9FD8EC001191A8 /* XCTestCase+FailableDeleteFeedStoreSpecs.swift */,
				D94B10512D9FD8EC001191A8 /* XCTestCase+FailableInsertFeedStoreSpecs.swift */,
				D94B10522D9FD8EC001191A8 /* XCTestCase+FailableRetrievFeedStoreSpecs.swift */,
				D94B10532D9FD8EC001191A8 /* XCTestCase+FeedStoreSpecs.swift */,
			);
			path = "Feed Store Specs";
			sourceTree = "<group>";
		};
		D94B105E2D9FD9EA001191A8 /* Tests */ = {
			isa = PBXGroup;
			children = (
				D94B10432D9FD8AF001191A8 /* FeedStoreChallengeTests.swift */,
			);
			path = Tests;
			sourceTree = "<group>";
		};
/* End PBXGroup section */

/* Begin PBXHeadersBuildPhase section */
		D94B10312D9FD8AF001191A8 /* Headers */ = {
			isa = PBXHeadersBuildPhase;
			buildActionMask = 2147483647;
			files = (
				D94B10452D9FD8AF001191A8 /* FeedStoreChallenge.h in Headers */,
			);
			runOnlyForDeploymentPostprocessing = 0;
		};
/* End PBXHeadersBuildPhase section */

/* Begin PBXNativeTarget section */
		D94B10352D9FD8AF001191A8 /* FeedStoreChallenge */ = {
			isa = PBXNativeTarget;
			buildConfigurationList = D94B10482D9FD8AF001191A8 /* Build configuration list for PBXNativeTarget "FeedStoreChallenge" */;
			buildPhases = (
				D94B10312D9FD8AF001191A8 /* Headers */,
				D94B10322D9FD8AF001191A8 /* Sources */,
				D94B10332D9FD8AF001191A8 /* Frameworks */,
				D94B10342D9FD8AF001191A8 /* Resources */,
			);
			buildRules = (
			);
			dependencies = (
			);
			name = FeedStoreChallenge;
			productName = FeedStoreChallenge;
			productReference = D94B10362D9FD8AF001191A8 /* FeedStoreChallenge.framework */;
			productType = "com.apple.product-type.framework";
		};
		D94B103D2D9FD8AF001191A8 /* FeedStoreChallengeTests */ = {
			isa = PBXNativeTarget;
			buildConfigurationList = D94B104B2D9FD8AF001191A8 /* Build configuration list for PBXNativeTarget "FeedStoreChallengeTests" */;
			buildPhases = (
				D94B103A2D9FD8AF001191A8 /* Sources */,
				D94B103B2D9FD8AF001191A8 /* Frameworks */,
				D94B103C2D9FD8AF001191A8 /* Resources */,
			);
			buildRules = (
			);
			dependencies = (
				D94B10412D9FD8AF001191A8 /* PBXTargetDependency */,
			);
			name = FeedStoreChallengeTests;
			productName = FeedStoreChallengeTests;
			productReference = D94B103E2D9FD8AF001191A8 /* FeedStoreChallengeTests.xctest */;
			productType = "com.apple.product-type.bundle.unit-test";
		};
/* End PBXNativeTarget section */

/* Begin PBXProject section */
		D94B102D2D9FD8AF001191A8 /* Project object */ = {
			isa = PBXProject;
			attributes = {
				BuildIndependentTargetsInParallel = 1;
				LastSwiftUpdateCheck = 1540;
				LastUpgradeCheck = 1540;
				TargetAttributes = {
					D94B10352D9FD8AF001191A8 = {
						CreatedOnToolsVersion = 15.4;
						LastSwiftMigration = 1540;
					};
					D94B103D2D9FD8AF001191A8 = {
						CreatedOnToolsVersion = 15.4;
					};
				};
			};
			buildConfigurationList = D94B10302D9FD8AF001191A8 /* Build configuration list for PBXProject "FeedStoreChallenge" */;
			compatibilityVersion = "Xcode 14.0";
			developmentRegion = en;
			hasScannedForEncodings = 0;
			knownRegions = (
				en,
				Base,
			);
			mainGroup = D94B102C2D9FD8AF001191A8;
			productRefGroup = D94B10372D9FD8AF001191A8 /* Products */;
			projectDirPath = "";
			projectRoot = "";
			targets = (
				D94B10352D9FD8AF001191A8 /* FeedStoreChallenge */,
				D94B103D2D9FD8AF001191A8 /* FeedStoreChallengeTests */,
			);
		};
/* End PBXProject section */

/* Begin PBXResourcesBuildPhase section */
		D94B10342D9FD8AF001191A8 /* Resources */ = {
			isa = PBXResourcesBuildPhase;
			buildActionMask = 2147483647;
			files = (
			);
			runOnlyForDeploymentPostprocessing = 0;
		};
		D94B103C2D9FD8AF001191A8 /* Resources */ = {
			isa = PBXResourcesBuildPhase;
			buildActionMask = 2147483647;
			files = (
			);
			runOnlyForDeploymentPostprocessing = 0;
		};
/* End PBXResourcesBuildPhase section */

/* Begin PBXSourcesBuildPhase section */
		D94B10322D9FD8AF001191A8 /* Sources */ = {
			isa = PBXSourcesBuildPhase;
			buildActionMask = 2147483647;
			files = (
				D94B105B2D9FD9CD001191A8 /* LocalFeedImage.swift in Sources */,
				D94B105D2D9FD9DC001191A8 /* FeedStore.swift in Sources */,
			);
			runOnlyForDeploymentPostprocessing = 0;
		};
		D94B103A2D9FD8AF001191A8 /* Sources */ = {
			isa = PBXSourcesBuildPhase;
			buildActionMask = 2147483647;
			files = (
				D94B10562D9FD8EC001191A8 /* XCTestCase+FailableDeleteFeedStoreSpecs.swift in Sources */,
				D94B10552D9FD8EC001191A8 /* FeedStoreSpecs.swift in Sources */,
				D94B10572D9FD8EC001191A8 /* XCTestCase+FailableInsertFeedStoreSpecs.swift in Sources */,
				D94B10582D9FD8EC001191A8 /* XCTestCase+FailableRetrievFeedStoreSpecs.swift in Sources */,
				D94B10442D9FD8AF001191A8 /* FeedStoreChallengeTests.swift in Sources */,
				D94B10592D9FD8EC001191A8 /* XCTestCase+FeedStoreSpecs.swift in Sources */,
			);
			runOnlyForDeploymentPostprocessing = 0;
		};
/* End PBXSourcesBuildPhase section */

/* Begin PBXTargetDependency section */
		D94B10412D9FD8AF001191A8 /* PBXTargetDependency */ = {
			isa = PBXTargetDependency;
			target = D94B10352D9FD8AF001191A8 /* FeedStoreChallenge */;
			targetProxy = D94B10402D9FD8AF001191A8 /* PBXContainerItemProxy */;
		};
/* End PBXTargetDependency section */

/* Begin XCBuildConfiguration section */
		D94B10462D9FD8AF001191A8 /* Debug */ = {
			isa = XCBuildConfiguration;
			buildSettings = {
				ALWAYS_SEARCH_USER_PATHS = NO;
				ASSETCATALOG_COMPILER_GENERATE_SWIFT_ASSET_SYMBOL_EXTENSIONS = YES;
				CLANG_ANALYZER_NONNULL = YES;
				CLANG_ANALYZER_NUMBER_OBJECT_CONVERSION = YES_AGGRESSIVE;
				CLANG_CXX_LANGUAGE_STANDARD = "gnu++20";
				CLANG_ENABLE_MODULES = YES;
				CLANG_ENABLE_OBJC_ARC = YES;
				CLANG_ENABLE_OBJC_WEAK = YES;
				CLANG_WARN_BLOCK_CAPTURE_AUTORELEASING = YES;
				CLANG_WARN_BOOL_CONVERSION = YES;
				CLANG_WARN_COMMA = YES;
				CLANG_WARN_CONSTANT_CONVERSION = YES;
				CLANG_WARN_DEPRECATED_OBJC_IMPLEMENTATIONS = YES;
				CLANG_WARN_DIRECT_OBJC_ISA_USAGE = YES_ERROR;
				CLANG_WARN_DOCUMENTATION_COMMENTS = YES;
				CLANG_WARN_EMPTY_BODY = YES;
				CLANG_WARN_ENUM_CONVERSION = YES;
				CLANG_WARN_INFINITE_RECURSION = YES;
				CLANG_WARN_INT_CONVERSION = YES;
				CLANG_WARN_NON_LITERAL_NULL_CONVERSION = YES;
				CLANG_WARN_OBJC_IMPLICIT_RETAIN_SELF = YES;
				CLANG_WARN_OBJC_LITERAL_CONVERSION = YES;
				CLANG_WARN_OBJC_ROOT_CLASS = YES_ERROR;
				CLANG_WARN_QUOTED_INCLUDE_IN_FRAMEWORK_HEADER = YES;
				CLANG_WARN_RANGE_LOOP_ANALYSIS = YES;
				CLANG_WARN_STRICT_PROTOTYPES = YES;
				CLANG_WARN_SUSPICIOUS_MOVE = YES;
				CLANG_WARN_UNGUARDED_AVAILABILITY = YES_AGGRESSIVE;
				CLANG_WARN_UNREACHABLE_CODE = YES;
				CLANG_WARN__DUPLICATE_METHOD_MATCH = YES;
				COPY_PHASE_STRIP = NO;
				CURRENT_PROJECT_VERSION = 1;
				DEBUG_INFORMATION_FORMAT = dwarf;
				ENABLE_STRICT_OBJC_MSGSEND = YES;
				ENABLE_TESTABILITY = YES;
				ENABLE_USER_SCRIPT_SANDBOXING = YES;
				GCC_C_LANGUAGE_STANDARD = gnu17;
				GCC_DYNAMIC_NO_PIC = NO;
				GCC_NO_COMMON_BLOCKS = YES;
				GCC_OPTIMIZATION_LEVEL = 0;
				GCC_PREPROCESSOR_DEFINITIONS = (
					"DEBUG=1",
					"$(inherited)",
				);
				GCC_WARN_64_TO_32_BIT_CONVERSION = YES;
				GCC_WARN_ABOUT_RETURN_TYPE = YES_ERROR;
				GCC_WARN_UNDECLARED_SELECTOR = YES;
				GCC_WARN_UNINITIALIZED_AUTOS = YES_AGGRESSIVE;
				GCC_WARN_UNUSED_FUNCTION = YES;
				GCC_WARN_UNUSED_VARIABLE = YES;
				LOCALIZATION_PREFERS_STRING_CATALOGS = YES;
				MACOSX_DEPLOYMENT_TARGET = 14.5;
				MTL_ENABLE_DEBUG_INFO = INCLUDE_SOURCE;
				MTL_FAST_MATH = YES;
				ONLY_ACTIVE_ARCH = YES;
				SDKROOT = macosx;
				SWIFT_ACTIVE_COMPILATION_CONDITIONS = "DEBUG $(inherited)";
				SWIFT_OPTIMIZATION_LEVEL = "-Onone";
				VERSIONING_SYSTEM = "apple-generic";
				VERSION_INFO_PREFIX = "";
			};
			name = Debug;
		};
		D94B10472D9FD8AF001191A8 /* Release */ = {
			isa = XCBuildConfiguration;
			buildSettings = {
				ALWAYS_SEARCH_USER_PATHS = NO;
				ASSETCATALOG_COMPILER_GENERATE_SWIFT_ASSET_SYMBOL_EXTENSIONS = YES;
				CLANG_ANALYZER_NONNULL = YES;
				CLANG_ANALYZER_NUMBER_OBJECT_CONVERSION = YES_AGGRESSIVE;
				CLANG_CXX_LANGUAGE_STANDARD = "gnu++20";
				CLANG_ENABLE_MODULES = YES;
				CLANG_ENABLE_OBJC_ARC = YES;
				CLANG_ENABLE_OBJC_WEAK = YES;
				CLANG_WARN_BLOCK_CAPTURE_AUTORELEASING = YES;
				CLANG_WARN_BOOL_CONVERSION = YES;
				CLANG_WARN_COMMA = YES;
				CLANG_WARN_CONSTANT_CONVERSION = YES;
				CLANG_WARN_DEPRECATED_OBJC_IMPLEMENTATIONS = YES;
				CLANG_WARN_DIRECT_OBJC_ISA_USAGE = YES_ERROR;
				CLANG_WARN_DOCUMENTATION_COMMENTS = YES;
				CLANG_WARN_EMPTY_BODY = YES;
				CLANG_WARN_ENUM_CONVERSION = YES;
				CLANG_WARN_INFINITE_RECURSION = YES;
				CLANG_WARN_INT_CONVERSION = YES;
				CLANG_WARN_NON_LITERAL_NULL_CONVERSION = YES;
				CLANG_WARN_OBJC_IMPLICIT_RETAIN_SELF = YES;
				CLANG_WARN_OBJC_LITERAL_CONVERSION = YES;
				CLANG_WARN_OBJC_ROOT_CLASS = YES_ERROR;
				CLANG_WARN_QUOTED_INCLUDE_IN_FRAMEWORK_HEADER = YES;
				CLANG_WARN_RANGE_LOOP_ANALYSIS = YES;
				CLANG_WARN_STRICT_PROTOTYPES = YES;
				CLANG_WARN_SUSPICIOUS_MOVE = YES;
				CLANG_WARN_UNGUARDED_AVAILABILITY = YES_AGGRESSIVE;
				CLANG_WARN_UNREACHABLE_CODE = YES;
				CLANG_WARN__DUPLICATE_METHOD_MATCH = YES;
				COPY_PHASE_STRIP = NO;
				CURRENT_PROJECT_VERSION = 1;
				DEBUG_INFORMATION_FORMAT = "dwarf-with-dsym";
				ENABLE_NS_ASSERTIONS = NO;
				ENABLE_STRICT_OBJC_MSGSEND = YES;
				ENABLE_USER_SCRIPT_SANDBOXING = YES;
				GCC_C_LANGUAGE_STANDARD = gnu17;
				GCC_NO_COMMON_BLOCKS = YES;
				GCC_WARN_64_TO_32_BIT_CONVERSION = YES;
				GCC_WARN_ABOUT_RETURN_TYPE = YES_ERROR;
				GCC_WARN_UNDECLARED_SELECTOR = YES;
				GCC_WARN_UNINITIALIZED_AUTOS = YES_AGGRESSIVE;
				GCC_WARN_UNUSED_FUNCTION = YES;
				GCC_WARN_UNUSED_VARIABLE = YES;
				LOCALIZATION_PREFERS_STRING_CATALOGS = YES;
				MACOSX_DEPLOYMENT_TARGET = 14.5;
				MTL_ENABLE_DEBUG_INFO = NO;
				MTL_FAST_MATH = YES;
				SDKROOT = macosx;
				SWIFT_COMPILATION_MODE = wholemodule;
				VERSIONING_SYSTEM = "apple-generic";
				VERSION_INFO_PREFIX = "";
			};
			name = Release;
		};
		D94B10492D9FD8AF001191A8 /* Debug */ = {
			isa = XCBuildConfiguration;
			buildSettings = {
				BUILD_LIBRARY_FOR_DISTRIBUTION = YES;
				CLANG_ENABLE_MODULES = YES;
				CODE_SIGN_STYLE = Automatic;
				COMBINE_HIDPI_IMAGES = YES;
				CURRENT_PROJECT_VERSION = 1;
				DEFINES_MODULE = YES;
				DYLIB_COMPATIBILITY_VERSION = 1;
				DYLIB_CURRENT_VERSION = 1;
				DYLIB_INSTALL_NAME_BASE = "@rpath";
				ENABLE_MODULE_VERIFIER = YES;
				GENERATE_INFOPLIST_FILE = YES;
				INFOPLIST_KEY_NSHumanReadableCopyright = "";
				INSTALL_PATH = "$(LOCAL_LIBRARY_DIR)/Frameworks";
				LD_RUNPATH_SEARCH_PATHS = (
					"$(inherited)",
					"@executable_path/../Frameworks",
					"@loader_path/Frameworks",
				);
				MARKETING_VERSION = 1.0;
				MODULE_VERIFIER_SUPPORTED_LANGUAGES = "objective-c objective-c++";
				MODULE_VERIFIER_SUPPORTED_LANGUAGE_STANDARDS = "gnu17 gnu++20";
				PRODUCT_BUNDLE_IDENTIFIER = com.futura.iOS.FeedStoreChallenge;
				PRODUCT_NAME = "$(TARGET_NAME:c99extidentifier)";
				SKIP_INSTALL = YES;
				SWIFT_EMIT_LOC_STRINGS = YES;
				SWIFT_INSTALL_OBJC_HEADER = NO;
				SWIFT_OPTIMIZATION_LEVEL = "-Onone";
				SWIFT_VERSION = 5.0;
			};
			name = Debug;
		};
		D94B104A2D9FD8AF001191A8 /* Release */ = {
			isa = XCBuildConfiguration;
			buildSettings = {
				BUILD_LIBRARY_FOR_DISTRIBUTION = YES;
				CLANG_ENABLE_MODULES = YES;
				CODE_SIGN_STYLE = Automatic;
				COMBINE_HIDPI_IMAGES = YES;
				CURRENT_PROJECT_VERSION = 1;
				DEFINES_MODULE = YES;
				DYLIB_COMPATIBILITY_VERSION = 1;
				DYLIB_CURRENT_VERSION = 1;
				DYLIB_INSTALL_NAME_BASE = "@rpath";
				ENABLE_MODULE_VERIFIER = YES;
				GENERATE_INFOPLIST_FILE = YES;
				INFOPLIST_KEY_NSHumanReadableCopyright = "";
				INSTALL_PATH = "$(LOCAL_LIBRARY_DIR)/Frameworks";
				LD_RUNPATH_SEARCH_PATHS = (
					"$(inherited)",
					"@executable_path/../Frameworks",
					"@loader_path/Frameworks",
				);
				MARKETING_VERSION = 1.0;
				MODULE_VERIFIER_SUPPORTED_LANGUAGES = "objective-c objective-c++";
				MODULE_VERIFIER_SUPPORTED_LANGUAGE_STANDARDS = "gnu17 gnu++20";
				PRODUCT_BUNDLE_IDENTIFIER = com.futura.iOS.FeedStoreChallenge;
				PRODUCT_NAME = "$(TARGET_NAME:c99extidentifier)";
				SKIP_INSTALL = YES;
				SWIFT_EMIT_LOC_STRINGS = YES;
				SWIFT_INSTALL_OBJC_HEADER = NO;
				SWIFT_VERSION = 5.0;
			};
			name = Release;
		};
		D94B104C2D9FD8AF001191A8 /* Debug */ = {
			isa = XCBuildConfiguration;
			buildSettings = {
				ALWAYS_EMBED_SWIFT_STANDARD_LIBRARIES = YES;
				CODE_SIGN_STYLE = Automatic;
				CURRENT_PROJECT_VERSION = 1;
				GENERATE_INFOPLIST_FILE = YES;
				MARKETING_VERSION = 1.0;
				PRODUCT_BUNDLE_IDENTIFIER = com.futura.iOS.FeedStoreChallengeTests;
				PRODUCT_NAME = "$(TARGET_NAME)";
				SWIFT_EMIT_LOC_STRINGS = NO;
				SWIFT_VERSION = 5.0;
			};
			name = Debug;
		};
		D94B104D2D9FD8AF001191A8 /* Release */ = {
			isa = XCBuildConfiguration;
			buildSettings = {
				ALWAYS_EMBED_SWIFT_STANDARD_LIBRARIES = YES;
				CODE_SIGN_STYLE = Automatic;
				CURRENT_PROJECT_VERSION = 1;
				GENERATE_INFOPLIST_FILE = YES;
				MARKETING_VERSION = 1.0;
				PRODUCT_BUNDLE_IDENTIFIER = com.futura.iOS.FeedStoreChallengeTests;
				PRODUCT_NAME = "$(TARGET_NAME)";
				SWIFT_EMIT_LOC_STRINGS = NO;
				SWIFT_VERSION = 5.0;
			};
			name = Release;
		};
/* End XCBuildConfiguration section */

/* Begin XCConfigurationList section */
		D94B10302D9FD8AF001191A8 /* Build configuration list for PBXProject "FeedStoreChallenge" */ = {
			isa = XCConfigurationList;
			buildConfigurations = (
				D94B10462D9FD8AF001191A8 /* Debug */,
				D94B10472D9FD8AF001191A8 /* Release */,
			);
			defaultConfigurationIsVisible = 0;
			defaultConfigurationName = Release;
		};
		D94B10482D9FD8AF001191A8 /* Build configuration list for PBXNativeTarget "FeedStoreChallenge" */ = {
			isa = XCConfigurationList;
			buildConfigurations = (
				D94B10492D9FD8AF001191A8 /* Debug */,
				D94B104A2D9FD8AF001191A8 /* Release */,
			);
			defaultConfigurationIsVisible = 0;
			defaultConfigurationName = Release;
		};
		D94B104B2D9FD8AF001191A8 /* Build configuration list for PBXNativeTarget "FeedStoreChallengeTests" */ = {
			isa = XCConfigurationList;
			buildConfigurations = (
				D94B104C2D9FD8AF001191A8 /* Debug */,
				D94B104D2D9FD8AF001191A8 /* Release */,
			);
			defaultConfigurationIsVisible = 0;
			defaultConfigurationName = Release;
		};
/* End XCConfigurationList section */
	};
	rootObject = D94B102D2D9FD8AF001191A8 /* Project object */;
}
